
Microsoft Visual Studio Solution File, Format Version 12.00
# Visual Studio Version 16
VisualStudioVersion = 16.0.32002.261
MinimumVisualStudioVersion = 10.0.40219.1
Project("{FAE04EC0-301F-11D3-BF4B-00C04F79EFBC}") = "DemographicDetails.Api", "DemographicDetails\DemographicDetails.Api.csproj", "{A50D21E0-BFFD-4FC2-88ED-32DB61061260}"
EndProject
Project("{FAE04EC0-301F-11D3-BF4B-00C04F79EFBC}") = "DemographicDetails.Infrastructure", "DemographicDetails.Infrastructure\DemographicDetails.Infrastructure.csproj", "{3A2AB21D-CF83-48B4-9622-88F21EF33F96}"
EndProject
Project("{FAE04EC0-301F-11D3-BF4B-00C04F79EFBC}") = "DemographicDetails.Services", "DemographicDetails.Services\DemographicDetails.Services.csproj", "{2BCFF04C-B2E2-41B4-A706-25352FC753A5}"
EndProject
Global
	GlobalSection(SolutionConfigurationPlatforms) = preSolution
		Debug|Any CPU = Debug|Any CPU
		Release|Any CPU = Release|Any CPU
	EndGlobalSection
	GlobalSection(ProjectConfigurationPlatforms) = postSolution
		{A50D21E0-BFFD-4FC2-88ED-32DB61061260}.Debug|Any CPU.ActiveCfg = Debug|Any CPU
		{A50D21E0-BFFD-4FC2-88ED-32DB61061260}.Debug|Any CPU.Build.0 = Debug|Any CPU
		{A50D21E0-BFFD-4FC2-88ED-32DB61061260}.Release|Any CPU.ActiveCfg = Release|Any CPU
		{A50D21E0-BFFD-4FC2-88ED-32DB61061260}.Release|Any CPU.Build.0 = Release|Any CPU
		{3A2AB21D-CF83-48B4-9622-88F21EF33F96}.Debug|Any CPU.ActiveCfg = Debug|Any CPU
		{3A2AB21D-CF83-48B4-9622-88F21EF33F96}.Debug|Any CPU.Build.0 = Debug|Any CPU
		{3A2AB21D-CF83-48B4-9622-88F21EF33F96}.Release|Any CPU.ActiveCfg = Release|Any CPU
		{3A2AB21D-CF83-48B4-9622-88F21EF33F96}.Release|Any CPU.Build.0 = Release|Any CPU
		{2BCFF04C-B2E2-41B4-A706-25352FC753A5}.Debug|Any CPU.ActiveCfg = Debug|Any CPU
		{2BCFF04C-B2E2-41B4-A706-25352FC753A5}.Debug|Any CPU.Build.0 = Debug|Any CPU
		{2BCFF04C-B2E2-41B4-A706-25352FC753A5}.Release|Any CPU.ActiveCfg = Release|Any CPU
		{2BCFF04C-B2E2-41B4-A706-25352FC753A5}.Release|Any CPU.Build.0 = Release|Any CPU
	EndGlobalSection
	GlobalSection(SolutionProperties) = preSolution
		HideSolutionNode = FALSE
	EndGlobalSection
	GlobalSection(ExtensibilityGlobals) = postSolution
		SolutionGuid = {49DAEFBF-C3FD-4A8F-B553-7999478B39E8}
	EndGlobalSection
EndGlobal
